
Microsoft Visual Studio Solution File, Format Version 12.00
# Visual Studio Version 17
VisualStudioVersion = 17.7.34003.232
MinimumVisualStudioVersion = 10.0.40219.1
Project("{FAE04EC0-301F-11D3-BF4B-00C04F79EFBC}") = "Day2_Middle", "Day2_Middle\Day2_Middle.csproj", "{56D58F36-39FC-406F-9FA1-ADAD7336345B}"
EndProject
Global
	GlobalSection(SolutionConfigurationPlatforms) = preSolution
		Debug|Any CPU = Debug|Any CPU
		Release|Any CPU = Release|Any CPU
	EndGlobalSection
	GlobalSection(ProjectConfigurationPlatforms) = postSolution
		{56D58F36-39FC-406F-9FA1-ADAD7336345B}.Debug|Any CPU.ActiveCfg = Debug|Any CPU
		{56D58F36-39FC-406F-9FA1-ADAD7336345B}.Debug|Any CPU.Build.0 = Debug|Any CPU
		{56D58F36-39FC-406F-9FA1-ADAD7336345B}.Release|Any CPU.ActiveCfg = Release|Any CPU
		{56D58F36-39FC-406F-9FA1-ADAD7336345B}.Release|Any CPU.Build.0 = Release|Any CPU
	EndGlobalSection
	GlobalSection(SolutionProperties) = preSolution
		HideSolutionNode = FALSE
	EndGlobalSection
	GlobalSection(ExtensibilityGlobals) = postSolution
		SolutionGuid = {94537914-3755-405D-9A58-8326CCD910BB}
	EndGlobalSection
EndGlobal
